
Microsoft Visual Studio Solution File, Format Version 12.00
# Visual Studio Version 17
VisualStudioVersion = 17.3.32929.385
MinimumVisualStudioVersion = 10.0.40219.1
Project("{FAE04EC0-301F-11D3-BF4B-00C04F79EFBC}") = "NetFrameworkDeployIIS", "NetFrameworkDeployIIS\NetFrameworkDeployIIS.csproj", "{A586008D-5D43-4ADC-A115-E3A13EA16741}"
EndProject
Project("{2150E333-8FDC-42A3-9474-1A3956D46DE8}") = "items", "items", "{2428D17A-9696-4C59-B021-1CC3A74A06EC}"
	ProjectSection(SolutionItems) = preProject
		.gitattributes = .gitattributes
		.gitignore = .gitignore
		README.md = README.md
		GitVersion.yml = GitVersion.yml
	EndProjectSection
EndProject
Project("{2150E333-8FDC-42A3-9474-1A3956D46DE8}") = "img", "img", "{794146C5-447C-4BD3-A44D-191D477E170A}"
	ProjectSection(SolutionItems) = preProject
		img\01_iis_activate.png = img\01_iis_activate.png
		img\02_iis_check_localhost.PNG = img\02_iis_check_localhost.PNG
		img\03_iis_create_site.png = img\03_iis_create_site.png
		img\04_published_site_check.PNG = img\04_published_site_check.PNG
	EndProjectSection
EndProject
Project("{2150E333-8FDC-42A3-9474-1A3956D46DE8}") = ".github", ".github", "{AE585F7A-8926-48C6-BFCF-594BAA4948E9}"
EndProject
Project("{2150E333-8FDC-42A3-9474-1A3956D46DE8}") = "workflows", "workflows", "{D470A3DB-0755-431A-BAC1-B36A84926C12}"
	ProjectSection(SolutionItems) = preProject
		.github\workflows\build_and_publish.yml = .github\workflows\build_and_publish.yml
	EndProjectSection
EndProject
Project("{2150E333-8FDC-42A3-9474-1A3956D46DE8}") = "build", "build", "{5804E837-0972-4AA1-B44F-66934187B009}"
	ProjectSection(SolutionItems) = preProject
		build\azure-pipelines.yml = build\azure-pipelines.yml
		build\azure-pipelines-iis-deploy.yml = build\azure-pipelines-iis-deploy.yml
	EndProjectSection
EndProject
Project("{2150E333-8FDC-42A3-9474-1A3956D46DE8}") = "templates", "templates", "{D057BB04-C845-4F4D-85FD-86171125082D}"
	ProjectSection(SolutionItems) = preProject
		build\templates\azure-pipelines-build-template.yml = build\templates\azure-pipelines-build-template.yml
		build\templates\azure-pipelines-webapp-deploy-template.yml = build\templates\azure-pipelines-webapp-deploy-template.yml
	EndProjectSection
EndProject
Global
	GlobalSection(SolutionConfigurationPlatforms) = preSolution
		Debug|Any CPU = Debug|Any CPU
		Release|Any CPU = Release|Any CPU
	EndGlobalSection
	GlobalSection(ProjectConfigurationPlatforms) = postSolution
		{A586008D-5D43-4ADC-A115-E3A13EA16741}.Debug|Any CPU.ActiveCfg = Release|Any CPU
		{A586008D-5D43-4ADC-A115-E3A13EA16741}.Debug|Any CPU.Build.0 = Release|Any CPU
		{A586008D-5D43-4ADC-A115-E3A13EA16741}.Release|Any CPU.ActiveCfg = Release|Any CPU
		{A586008D-5D43-4ADC-A115-E3A13EA16741}.Release|Any CPU.Build.0 = Release|Any CPU
	EndGlobalSection
	GlobalSection(SolutionProperties) = preSolution
		HideSolutionNode = FALSE
	EndGlobalSection
	GlobalSection(ExtensibilityGlobals) = postSolution
		SolutionGuid = {5953FBA7-9050-4E74-B576-71347EE75B77}
	EndGlobalSection
	GlobalSection(NestedProjects) = preSolution
		{D470A3DB-0755-431A-BAC1-B36A84926C12} = {AE585F7A-8926-48C6-BFCF-594BAA4948E9}
		{D057BB04-C845-4F4D-85FD-86171125082D} = {5804E837-0972-4AA1-B44F-66934187B009}
	EndGlobalSection
EndGlobal
